github.com/peter554/adventofcode v0.0.0-20201213215112-3c41bc8dd3b9 h1:y+uBF2xYpu6eoFn6zE1oNMqKk+GaiFfBMK95OEkv/m4=
github.com/peter554/adventofcode/2020 v0.0.0-20201213215112-3c41bc8dd3b9 h1:iPqKvNynkmJl+2KYua03+sAnGAEa9qmqK5qGa7JsymA=
github.com/peter554/adventofcode/2020 v0.0.0-20201213215112-3c41bc8dd3b9/go.mod h1:cjKf7N6L1D6RdxQ2ZDgN+6PC2aNZBoxng0U7KtdaQEw=
